
Microsoft Visual Studio Solution File, Format Version 12.00
# Visual Studio Version 17
VisualStudioVersion = 17.0.31903.59
MinimumVisualStudioVersion = 10.0.40219.1
Project("{2150E333-8FDC-42A3-9474-1A3956D46DE8}") = "src", "src", "{827E0CD3-B72D-47B6-A68D-7590B98EB39B}"
EndProject
Project("{FAE04EC0-301F-11D3-BF4B-00C04F79EFBC}") = "Cqrs.Core", "src\Cqrs.Core\Cqrs.Core.csproj", "{6C905F96-230B-4BF4-81A8-D7399F4D89C4}"
EndProject
Project("{FAE04EC0-301F-11D3-BF4B-00C04F79EFBC}") = "Cqrs.DependencyInjection", "src\Cqrs.DependencyInjection\Cqrs.DependencyInjection.csproj", "{AE00ABDC-61CA-4DFE-8F06-097B132B9965}"
EndProject
Project("{FAE04EC0-301F-11D3-BF4B-00C04F79EFBC}") = "Cqrs.Tests", "src\Cqrs.Tests\Cqrs.Tests.csproj", "{EDCC60C1-0078-4AEB-9CD8-9E9EE52A0CE7}"
EndProject
Project("{2150E333-8FDC-42A3-9474-1A3956D46DE8}") = "preview", "preview", "{C3414E70-D0B4-FFF3-C75F-7EAD4D7CF27B}"
EndProject
Project("{FAE04EC0-301F-11D3-BF4B-00C04F79EFBC}") = "Cqrs.Api", "preview\Cqrs.Api\Cqrs.Api.csproj", "{DECF85A9-033E-4673-A3D7-CBF8FEEF9195}"
EndProject
Project("{FAE04EC0-301F-11D3-BF4B-00C04F79EFBC}") = "Cqrs.Console", "preview\Cqrs.Console\Cqrs.Console.csproj", "{085FF8FC-80F1-4F19-AFF1-C7A6688AB10A}"
EndProject
Project("{FAE04EC0-301F-11D3-BF4B-00C04F79EFBC}") = "Cqrs.Shared", "preview\Cqrs.Shared\Cqrs.Shared.csproj", "{7C1CD61E-2BE9-4253-9837-DF1B50C54FBE}"
EndProject
Global
	GlobalSection(SolutionConfigurationPlatforms) = preSolution
		Debug|Any CPU = Debug|Any CPU
		Debug|x64 = Debug|x64
		Debug|x86 = Debug|x86
		Release|Any CPU = Release|Any CPU
		Release|x64 = Release|x64
		Release|x86 = Release|x86
	EndGlobalSection
	GlobalSection(ProjectConfigurationPlatforms) = postSolution
		{6C905F96-230B-4BF4-81A8-D7399F4D89C4}.Debug|Any CPU.ActiveCfg = Debug|Any CPU
		{6C905F96-230B-4BF4-81A8-D7399F4D89C4}.Debug|Any CPU.Build.0 = Debug|Any CPU
		{6C905F96-230B-4BF4-81A8-D7399F4D89C4}.Debug|x64.ActiveCfg = Debug|Any CPU
		{6C905F96-230B-4BF4-81A8-D7399F4D89C4}.Debug|x64.Build.0 = Debug|Any CPU
		{6C905F96-230B-4BF4-81A8-D7399F4D89C4}.Debug|x86.ActiveCfg = Debug|Any CPU
		{6C905F96-230B-4BF4-81A8-D7399F4D89C4}.Debug|x86.Build.0 = Debug|Any CPU
		{6C905F96-230B-4BF4-81A8-D7399F4D89C4}.Release|Any CPU.ActiveCfg = Release|Any CPU
		{6C905F96-230B-4BF4-81A8-D7399F4D89C4}.Release|Any CPU.Build.0 = Release|Any CPU
		{6C905F96-230B-4BF4-81A8-D7399F4D89C4}.Release|x64.ActiveCfg = Release|Any CPU
		{6C905F96-230B-4BF4-81A8-D7399F4D89C4}.Release|x64.Build.0 = Release|Any CPU
		{6C905F96-230B-4BF4-81A8-D7399F4D89C4}.Release|x86.ActiveCfg = Release|Any CPU
		{6C905F96-230B-4BF4-81A8-D7399F4D89C4}.Release|x86.Build.0 = Release|Any CPU
		{AE00ABDC-61CA-4DFE-8F06-097B132B9965}.Debug|Any CPU.ActiveCfg = Debug|Any CPU
		{AE00ABDC-61CA-4DFE-8F06-097B132B9965}.Debug|Any CPU.Build.0 = Debug|Any CPU
		{AE00ABDC-61CA-4DFE-8F06-097B132B9965}.Debug|x64.ActiveCfg = Debug|Any CPU
		{AE00ABDC-61CA-4DFE-8F06-097B132B9965}.Debug|x64.Build.0 = Debug|Any CPU
		{AE00ABDC-61CA-4DFE-8F06-097B132B9965}.Debug|x86.ActiveCfg = Debug|Any CPU
		{AE00ABDC-61CA-4DFE-8F06-097B132B9965}.Debug|x86.Build.0 = Debug|Any CPU
		{AE00ABDC-61CA-4DFE-8F06-097B132B9965}.Release|Any CPU.ActiveCfg = Release|Any CPU
		{AE00ABDC-61CA-4DFE-8F06-097B132B9965}.Release|Any CPU.Build.0 = Release|Any CPU
		{AE00ABDC-61CA-4DFE-8F06-097B132B9965}.Release|x64.ActiveCfg = Release|Any CPU
		{AE00ABDC-61CA-4DFE-8F06-097B132B9965}.Release|x64.Build.0 = Release|Any CPU
		{AE00ABDC-61CA-4DFE-8F06-097B132B9965}.Release|x86.ActiveCfg = Release|Any CPU
		{AE00ABDC-61CA-4DFE-8F06-097B132B9965}.Release|x86.Build.0 = Release|Any CPU
		{EDCC60C1-0078-4AEB-9CD8-9E9EE52A0CE7}.Debug|Any CPU.ActiveCfg = Debug|Any CPU
		{EDCC60C1-0078-4AEB-9CD8-9E9EE52A0CE7}.Debug|Any CPU.Build.0 = Debug|Any CPU
		{EDCC60C1-0078-4AEB-9CD8-9E9EE52A0CE7}.Debug|x64.ActiveCfg = Debug|Any CPU
		{EDCC60C1-0078-4AEB-9CD8-9E9EE52A0CE7}.Debug|x64.Build.0 = Debug|Any CPU
		{EDCC60C1-0078-4AEB-9CD8-9E9EE52A0CE7}.Debug|x86.ActiveCfg = Debug|Any CPU
		{EDCC60C1-0078-4AEB-9CD8-9E9EE52A0CE7}.Debug|x86.Build.0 = Debug|Any CPU
		{EDCC60C1-0078-4AEB-9CD8-9E9EE52A0CE7}.Release|Any CPU.ActiveCfg = Release|Any CPU
		{EDCC60C1-0078-4AEB-9CD8-9E9EE52A0CE7}.Release|Any CPU.Build.0 = Release|Any CPU
		{EDCC60C1-0078-4AEB-9CD8-9E9EE52A0CE7}.Release|x64.ActiveCfg = Release|Any CPU
		{EDCC60C1-0078-4AEB-9CD8-9E9EE52A0CE7}.Release|x64.Build.0 = Release|Any CPU
		{EDCC60C1-0078-4AEB-9CD8-9E9EE52A0CE7}.Release|x86.ActiveCfg = Release|Any CPU
		{EDCC60C1-0078-4AEB-9CD8-9E9EE52A0CE7}.Release|x86.Build.0 = Release|Any CPU
		{DECF85A9-033E-4673-A3D7-CBF8FEEF9195}.Debug|Any CPU.ActiveCfg = Debug|Any CPU
		{DECF85A9-033E-4673-A3D7-CBF8FEEF9195}.Debug|Any CPU.Build.0 = Debug|Any CPU
		{DECF85A9-033E-4673-A3D7-CBF8FEEF9195}.Debug|x64.ActiveCfg = Debug|Any CPU
		{DECF85A9-033E-4673-A3D7-CBF8FEEF9195}.Debug|x64.Build.0 = Debug|Any CPU
		{DECF85A9-033E-4673-A3D7-CBF8FEEF9195}.Debug|x86.ActiveCfg = Debug|Any CPU
		{DECF85A9-033E-4673-A3D7-CBF8FEEF9195}.Debug|x86.Build.0 = Debug|Any CPU
		{DECF85A9-033E-4673-A3D7-CBF8FEEF9195}.Release|Any CPU.ActiveCfg = Release|Any CPU
		{DECF85A9-033E-4673-A3D7-CBF8FEEF9195}.Release|Any CPU.Build.0 = Release|Any CPU
		{DECF85A9-033E-4673-A3D7-CBF8FEEF9195}.Release|x64.ActiveCfg = Release|Any CPU
		{DECF85A9-033E-4673-A3D7-CBF8FEEF9195}.Release|x64.Build.0 = Release|Any CPU
		{DECF85A9-033E-4673-A3D7-CBF8FEEF9195}.Release|x86.ActiveCfg = Release|Any CPU
		{DECF85A9-033E-4673-A3D7-CBF8FEEF9195}.Release|x86.Build.0 = Release|Any CPU
		{085FF8FC-80F1-4F19-AFF1-C7A6688AB10A}.Debug|Any CPU.ActiveCfg = Debug|Any CPU
		{085FF8FC-80F1-4F19-AFF1-C7A6688AB10A}.Debug|Any CPU.Build.0 = Debug|Any CPU
		{085FF8FC-80F1-4F19-AFF1-C7A6688AB10A}.Debug|x64.ActiveCfg = Debug|Any CPU
		{085FF8FC-80F1-4F19-AFF1-C7A6688AB10A}.Debug|x64.Build.0 = Debug|Any CPU
		{085FF8FC-80F1-4F19-AFF1-C7A6688AB10A}.Debug|x86.ActiveCfg = Debug|Any CPU
		{085FF8FC-80F1-4F19-AFF1-C7A6688AB10A}.Debug|x86.Build.0 = Debug|Any CPU
		{085FF8FC-80F1-4F19-AFF1-C7A6688AB10A}.Release|Any CPU.ActiveCfg = Release|Any CPU
		{085FF8FC-80F1-4F19-AFF1-C7A6688AB10A}.Release|Any CPU.Build.0 = Release|Any CPU
		{085FF8FC-80F1-4F19-AFF1-C7A6688AB10A}.Release|x64.ActiveCfg = Release|Any CPU
		{085FF8FC-80F1-4F19-AFF1-C7A6688AB10A}.Release|x64.Build.0 = Release|Any CPU
		{085FF8FC-80F1-4F19-AFF1-C7A6688AB10A}.Release|x86.ActiveCfg = Release|Any CPU
		{085FF8FC-80F1-4F19-AFF1-C7A6688AB10A}.Release|x86.Build.0 = Release|Any CPU
		{7C1CD61E-2BE9-4253-9837-DF1B50C54FBE}.Debug|Any CPU.ActiveCfg = Debug|Any CPU
		{7C1CD61E-2BE9-4253-9837-DF1B50C54FBE}.Debug|Any CPU.Build.0 = Debug|Any CPU
		{7C1CD61E-2BE9-4253-9837-DF1B50C54FBE}.Debug|x64.ActiveCfg = Debug|Any CPU
		{7C1CD61E-2BE9-4253-9837-DF1B50C54FBE}.Debug|x64.Build.0 = Debug|Any CPU
		{7C1CD61E-2BE9-4253-9837-DF1B50C54FBE}.Debug|x86.ActiveCfg = Debug|Any CPU
		{7C1CD61E-2BE9-4253-9837-DF1B50C54FBE}.Debug|x86.Build.0 = Debug|Any CPU
		{7C1CD61E-2BE9-4253-9837-DF1B50C54FBE}.Release|Any CPU.ActiveCfg = Release|Any CPU
		{7C1CD61E-2BE9-4253-9837-DF1B50C54FBE}.Release|Any CPU.Build.0 = Release|Any CPU
		{7C1CD61E-2BE9-4253-9837-DF1B50C54FBE}.Release|x64.ActiveCfg = Release|Any CPU
		{7C1CD61E-2BE9-4253-9837-DF1B50C54FBE}.Release|x64.Build.0 = Release|Any CPU
		{7C1CD61E-2BE9-4253-9837-DF1B50C54FBE}.Release|x86.ActiveCfg = Release|Any CPU
		{7C1CD61E-2BE9-4253-9837-DF1B50C54FBE}.Release|x86.Build.0 = Release|Any CPU
	EndGlobalSection
	GlobalSection(SolutionProperties) = preSolution
		HideSolutionNode = FALSE
	EndGlobalSection
	GlobalSection(NestedProjects) = preSolution
		{6C905F96-230B-4BF4-81A8-D7399F4D89C4} = {827E0CD3-B72D-47B6-A68D-7590B98EB39B}
		{AE00ABDC-61CA-4DFE-8F06-097B132B9965} = {827E0CD3-B72D-47B6-A68D-7590B98EB39B}
		{EDCC60C1-0078-4AEB-9CD8-9E9EE52A0CE7} = {827E0CD3-B72D-47B6-A68D-7590B98EB39B}
		{DECF85A9-033E-4673-A3D7-CBF8FEEF9195} = {C3414E70-D0B4-FFF3-C75F-7EAD4D7CF27B}
		{085FF8FC-80F1-4F19-AFF1-C7A6688AB10A} = {C3414E70-D0B4-FFF3-C75F-7EAD4D7CF27B}
		{7C1CD61E-2BE9-4253-9837-DF1B50C54FBE} = {C3414E70-D0B4-FFF3-C75F-7EAD4D7CF27B}
	EndGlobalSection
EndGlobal
