
Microsoft Visual Studio Solution File, Format Version 12.00
# Visual Studio Version 17
VisualStudioVersion = 17.0.31903.59
MinimumVisualStudioVersion = 10.0.40219.1
Project("{FAE04EC0-301F-11D3-BF4B-00C04F79EFBC}") = "Cqrs.Api", "Cqrs.Api\Cqrs.Api.csproj", "{05857533-B4C8-4F00-9AD0-1878C479DD86}"
EndProject
Project("{FAE04EC0-301F-11D3-BF4B-00C04F79EFBC}") = "Cqrs.Console", "Cqrs.Console\Cqrs.Console.csproj", "{A6AEAB03-9CD7-4CAD-AE3A-2F4AF80B643E}"
EndProject
Project("{FAE04EC0-301F-11D3-BF4B-00C04F79EFBC}") = "Cqrs.Shared", "Cqrs.Shared\Cqrs.Shared.csproj", "{3A7C62FE-5EB5-43FF-86F2-0DA69C7931D3}"
EndProject
Global
	GlobalSection(SolutionConfigurationPlatforms) = preSolution
		Debug|Any CPU = Debug|Any CPU
		Debug|x64 = Debug|x64
		Debug|x86 = Debug|x86
		Release|Any CPU = Release|Any CPU
		Release|x64 = Release|x64
		Release|x86 = Release|x86
	EndGlobalSection
	GlobalSection(ProjectConfigurationPlatforms) = postSolution
		{05857533-B4C8-4F00-9AD0-1878C479DD86}.Debug|Any CPU.ActiveCfg = Debug|Any CPU
		{05857533-B4C8-4F00-9AD0-1878C479DD86}.Debug|Any CPU.Build.0 = Debug|Any CPU
		{05857533-B4C8-4F00-9AD0-1878C479DD86}.Debug|x64.ActiveCfg = Debug|Any CPU
		{05857533-B4C8-4F00-9AD0-1878C479DD86}.Debug|x64.Build.0 = Debug|Any CPU
		{05857533-B4C8-4F00-9AD0-1878C479DD86}.Debug|x86.ActiveCfg = Debug|Any CPU
		{05857533-B4C8-4F00-9AD0-1878C479DD86}.Debug|x86.Build.0 = Debug|Any CPU
		{05857533-B4C8-4F00-9AD0-1878C479DD86}.Release|Any CPU.ActiveCfg = Release|Any CPU
		{05857533-B4C8-4F00-9AD0-1878C479DD86}.Release|Any CPU.Build.0 = Release|Any CPU
		{05857533-B4C8-4F00-9AD0-1878C479DD86}.Release|x64.ActiveCfg = Release|Any CPU
		{05857533-B4C8-4F00-9AD0-1878C479DD86}.Release|x64.Build.0 = Release|Any CPU
		{05857533-B4C8-4F00-9AD0-1878C479DD86}.Release|x86.ActiveCfg = Release|Any CPU
		{05857533-B4C8-4F00-9AD0-1878C479DD86}.Release|x86.Build.0 = Release|Any CPU
		{A6AEAB03-9CD7-4CAD-AE3A-2F4AF80B643E}.Debug|Any CPU.ActiveCfg = Debug|Any CPU
		{A6AEAB03-9CD7-4CAD-AE3A-2F4AF80B643E}.Debug|Any CPU.Build.0 = Debug|Any CPU
		{A6AEAB03-9CD7-4CAD-AE3A-2F4AF80B643E}.Debug|x64.ActiveCfg = Debug|Any CPU
		{A6AEAB03-9CD7-4CAD-AE3A-2F4AF80B643E}.Debug|x64.Build.0 = Debug|Any CPU
		{A6AEAB03-9CD7-4CAD-AE3A-2F4AF80B643E}.Debug|x86.ActiveCfg = Debug|Any CPU
		{A6AEAB03-9CD7-4CAD-AE3A-2F4AF80B643E}.Debug|x86.Build.0 = Debug|Any CPU
		{A6AEAB03-9CD7-4CAD-AE3A-2F4AF80B643E}.Release|Any CPU.ActiveCfg = Release|Any CPU
		{A6AEAB03-9CD7-4CAD-AE3A-2F4AF80B643E}.Release|Any CPU.Build.0 = Release|Any CPU
		{A6AEAB03-9CD7-4CAD-AE3A-2F4AF80B643E}.Release|x64.ActiveCfg = Release|Any CPU
		{A6AEAB03-9CD7-4CAD-AE3A-2F4AF80B643E}.Release|x64.Build.0 = Release|Any CPU
		{A6AEAB03-9CD7-4CAD-AE3A-2F4AF80B643E}.Release|x86.ActiveCfg = Release|Any CPU
		{A6AEAB03-9CD7-4CAD-AE3A-2F4AF80B643E}.Release|x86.Build.0 = Release|Any CPU
		{3A7C62FE-5EB5-43FF-86F2-0DA69C7931D3}.Debug|Any CPU.ActiveCfg = Debug|Any CPU
		{3A7C62FE-5EB5-43FF-86F2-0DA69C7931D3}.Debug|Any CPU.Build.0 = Debug|Any CPU
		{3A7C62FE-5EB5-43FF-86F2-0DA69C7931D3}.Debug|x64.ActiveCfg = Debug|Any CPU
		{3A7C62FE-5EB5-43FF-86F2-0DA69C7931D3}.Debug|x64.Build.0 = Debug|Any CPU
		{3A7C62FE-5EB5-43FF-86F2-0DA69C7931D3}.Debug|x86.ActiveCfg = Debug|Any CPU
		{3A7C62FE-5EB5-43FF-86F2-0DA69C7931D3}.Debug|x86.Build.0 = Debug|Any CPU
		{3A7C62FE-5EB5-43FF-86F2-0DA69C7931D3}.Release|Any CPU.ActiveCfg = Release|Any CPU
		{3A7C62FE-5EB5-43FF-86F2-0DA69C7931D3}.Release|Any CPU.Build.0 = Release|Any CPU
		{3A7C62FE-5EB5-43FF-86F2-0DA69C7931D3}.Release|x64.ActiveCfg = Release|Any CPU
		{3A7C62FE-5EB5-43FF-86F2-0DA69C7931D3}.Release|x64.Build.0 = Release|Any CPU
		{3A7C62FE-5EB5-43FF-86F2-0DA69C7931D3}.Release|x86.ActiveCfg = Release|Any CPU
		{3A7C62FE-5EB5-43FF-86F2-0DA69C7931D3}.Release|x86.Build.0 = Release|Any CPU
	EndGlobalSection
	GlobalSection(SolutionProperties) = preSolution
		HideSolutionNode = FALSE
	EndGlobalSection
EndGlobal
